PODS:
  - advertising_id (0.0.1):
    - Flutter
  - app_tracking_transparency (0.0.1):
    - Flutter
  - applovin_max (4.6.0):
    - AppLovinSDK (= 13.5.0)
    - Flutter
  - AppLovinSDK (13.5.0)
  - connectivity_plus (0.0.1):
    - Flutter
  - Flutter (1.0.0)
  - flutter_secure_storage_darwin (10.0.0):
    - Flutter
    - FlutterMacOS
  - gma_mediation_applovin (2.5.2):
    - Flutter
    - GoogleMobileAdsMediationAppLovin (~> 13.5.0.0)
  - Google-Mobile-Ads-SDK (12.14.0):
    - GoogleUserMessagingPlatform (>= 1.1)
  - google_mobile_ads (7.0.0):
    - Flutter
    - Google-Mobile-Ads-SDK (~> 12.14.0)
    - webview_flutter_wkwebview
  - GoogleMobileAdsMediationAppLovin (13.5.0.0):
    - AppLovinSDK (= 13.5.0)
    - Google-Mobile-Ads-SDK (~> 12.0)
  - GoogleUserMessagingPlatform (3.1.0)
  - package_info_plus (0.4.5):
    - Flutter
  - path_provider_foundation (0.0.1):
    - Flutter
    - FlutterMacOS
  - shared_preferences_foundation (0.0.1):
    - Flutter
    - FlutterMacOS
  - webview_flutter_wkwebview (0.0.1):
    - Flutter
    - FlutterMacOS

DEPENDENCIES:
  - advertising_id (from `.symlinks/plugins/advertising_id/ios`)
  - app_tracking_transparency (from `.symlinks/plugins/app_tracking_transparency/ios`)
  - applovin_max (from `.symlinks/plugins/applovin_max/ios`)
  - connectivity_plus (from `.symlinks/plugins/connectivity_plus/ios`)
  - Flutter (from `Flutter`)
  - flutter_secure_storage_darwin (from `.symlinks/plugins/flutter_secure_storage_darwin/darwin`)
  - gma_mediation_applovin (from `.symlinks/plugins/gma_mediation_applovin/ios`)
  - google_mobile_ads (from `.symlinks/plugins/google_mobile_ads/ios`)
  - package_info_plus (from `.symlinks/plugins/package_info_plus/ios`)
  - path_provider_foundation (from `.symlinks/plugins/path_provider_foundation/darwin`)
  - shared_preferences_foundation (from `.symlinks/plugins/shared_preferences_foundation/darwin`)
  - webview_flutter_wkwebview (from `.symlinks/plugins/webview_flutter_wkwebview/darwin`)

SPEC REPOS:
  trunk:
    - AppLovinSDK
    - Google-Mobile-Ads-SDK
    - GoogleMobileAdsMediationAppLovin
    - GoogleUserMessagingPlatform

EXTERNAL SOURCES:
  advertising_id:
    :path: ".symlinks/plugins/advertising_id/ios"
  app_tracking_transparency:
    :path: ".symlinks/plugins/app_tracking_transparency/ios"
  applovin_max:
    :path: ".symlinks/plugins/applovin_max/ios"
  connectivity_plus:
    :path: ".symlinks/plugins/connectivity_plus/ios"
  Flutter:
    :path: Flutter
  flutter_secure_storage_darwin:
    :path: ".symlinks/plugins/flutter_secure_storage_darwin/darwin"
  gma_mediation_applovin:
    :path: ".symlinks/plugins/gma_mediation_applovin/ios"
  google_mobile_ads:
    :path: ".symlinks/plugins/google_mobile_ads/ios"
  package_info_plus:
    :path: ".symlinks/plugins/package_info_plus/ios"
  path_provider_foundation:
    :path: ".symlinks/plugins/path_provider_foundation/darwin"
  shared_preferences_foundation:
    :path: ".symlinks/plugins/shared_preferences_foundation/darwin"
  webview_flutter_wkwebview:
    :path: ".symlinks/plugins/webview_flutter_wkwebview/darwin"

SPEC CHECKSUMS:
  advertising_id: d5de9e659986092d7ca50977dc50f4f4fcd4c30a
  app_tracking_transparency: 3d84f147f67ca82d3c15355c36b1fa6b66ca7c92
  applovin_max: a921604ba97b0400e3cdf4768da0aa53e756978e
  AppLovinSDK: bf8974163120910e6b902e9610e7c5a2c0f577b6
  connectivity_plus: cb623214f4e1f6ef8fe7403d580fdad517d2f7dd
  Flutter: cabc95a1d2626b1b06e7179b784ebcf0c0cde467
  flutter_secure_storage_darwin: acdb3f316ed05a3e68f856e0353b133eec373a23
  gma_mediation_applovin: 8ef1edbef7aa5d4effa83ddb175411135ffd35c6
  Google-Mobile-Ads-SDK: 4534fd2dfcd3f705c5485a6633c5188d03d4eed2
  google_mobile_ads: df3008bafbe1f2ad6862f87334e560d2f047f902
  GoogleMobileAdsMediationAppLovin: 56b7465bf2afc594982b7820d8db8ea092a57ffc
  GoogleUserMessagingPlatform: befe603da6501006420c206222acd449bba45a9c
  package_info_plus: af8e2ca6888548050f16fa2f1938db7b5a5df499
  path_provider_foundation: bb55f6dbba17d0dccd6737fe6f7f34fbd0376880
  shared_preferences_foundation: 7036424c3d8ec98dfe75ff1667cb0cd531ec82bb
  webview_flutter_wkwebview: 8ebf4fded22593026f7dbff1fbff31ea98573c8d

PODFILE CHECKSUM: 3c63482e143d1b91d2d2560aee9fb04ecc74ac7e

COCOAPODS: 1.17.0
